
Microsoft Visual Studio Solution File, Format Version 9.00
# Visual Studio 2005
Project("{8BC9CEB8-8B4A-11D0-8D11-00A0C91BC942}") = "ServiceTest", "ServiceTest.vcproj", "{F6D4A95F-2A25-4445-BC7C-C9091D1B9335}"
EndProject
Project("{8BC9CEB8-8B4A-11D0-8D11-00A0C91BC942}") = "ManagerService", "..\ManagerService\ManagerService.vcproj", "{387470D0-40F9-4285-8353-A5AD0F5574C8}"
EndProject
Global
	GlobalSection(SolutionConfigurationPlatforms) = preSolution
		Debug|Win32 = Debug|Win32
		Release|Win32 = Release|Win32
	EndGlobalSection
	GlobalSection(ProjectConfigurationPlatforms) = postSolution
		{F6D4A95F-2A25-4445-BC7C-C9091D1B9335}.Debug|Win32.ActiveCfg = Debug|Win32
		{F6D4A95F-2A25-4445-BC7C-C9091D1B9335}.Debug|Win32.Build.0 = Debug|Win32
		{F6D4A95F-2A25-4445-BC7C-C9091D1B9335}.Release|Win32.ActiveCfg = Release|Win32
		{F6D4A95F-2A25-4445-BC7C-C9091D1B9335}.Release|Win32.Build.0 = Release|Win32
		{387470D0-40F9-4285-8353-A5AD0F5574C8}.Debug|Win32.ActiveCfg = Debug|Win32
		{387470D0-40F9-4285-8353-A5AD0F5574C8}.Debug|Win32.Build.0 = Debug|Win32
		{387470D0-40F9-4285-8353-A5AD0F5574C8}.Release|Win32.ActiveCfg = Release|Win32
		{387470D0-40F9-4285-8353-A5AD0F5574C8}.Release|Win32.Build.0 = Release|Win32
	EndGlobalSection
	GlobalSection(SolutionProperties) = preSolution
		HideSolutionNode = FALSE
	EndGlobalSection
EndGlobal
